{
  "name": "browser",
  "lockfileVersion": 3,
  "requires": true,
  "packages": {
    "": {
      "dependencies": {
        "ev-emitter": "^2.1.2",
        "get-size": "^3.0.0",
        "jquery": "^3.6.4",
        "unidragger": "^3.0.1",
        "unipointer": "^2.4.0"
      }
    },
    "node_modules/ev-emitter": {
      "version": "2.1.2",
      "resolved": "https://registry.npmjs.org/ev-emitter/-/ev-emitter-2.1.2.tgz",
      "integrity": "sha512-jQ5Ql18hdCQ4qS+RCrbLfz1n+Pags27q5TwMKvZyhp5hh2UULUYZUy1keqj6k6SYsdqIYjnmz7xyyEY0V67B8Q=="
    },
    "node_modules/get-size": {
      "version": "3.0.0",
      "resolved": "https://registry.npmjs.org/get-size/-/get-size-3.0.0.tgz",
      "integrity": "sha512-Y8aiXLq4leR7807UY0yuKEwif5s3kbVp1nTv+i4jBeoUzByTLKkLWu/HorS6/pB+7gsB0o7OTogC8AoOOeT0Hw=="
    },
    "node_modules/jquery": {
      "version": "3.6.4",
      "resolved": "https://registry.npmjs.org/jquery/-/jquery-3.6.4.tgz",
      "integrity": "sha512-v28EW9DWDFpzcD9O5iyJXg3R3+q+mET5JhnjJzQUZMHOv67bpSIHq81GEYpPNZHG+XXHsfSme3nxp/hndKEcsQ=="
    },
    "node_modules/unidragger": {
      "version": "3.0.1",
      "resolved": "https://registry.npmjs.org/unidragger/-/unidragger-3.0.1.tgz",
      "integrity": "sha512-RngbGSwBFmqGBWjkaH+yB677uzR95blSQyxq6hYbrQCejH3Mx1nm8DVOuh3M9k2fQyTstWUG5qlgCnNqV/9jVw==",
      "dependencies": {
        "ev-emitter": "^2.0.0"
      }
    },
    "node_modules/unipointer": {
      "version": "2.4.0",
      "resolved": "https://registry.npmjs.org/unipointer/-/unipointer-2.4.0.tgz",
      "integrity": "sha512-VjzDLPjGK7aYpQKH7bnDZS8X4axF5AFU/LQi+NQe1oyEHfaz6lWKhaQ7n4o7vJ1iJ4i2T0quCIfrQM139p05Sw==",
      "dependencies": {
        "ev-emitter": "^1.0.1"
      }
    },
    "node_modules/unipointer/node_modules/ev-emitter": {
      "version": "1.1.1",
      "resolved": "https://registry.npmjs.org/ev-emitter/-/ev-emitter-1.1.1.tgz",
      "integrity": "sha512-ipiDYhdQSCZ4hSbX4rMW+XzNKMD1prg/sTvoVmSLkuQ1MVlwjJQQA+sW8tMYR3BLUr9KjodFV4pvzunvRhd33Q=="
    }
  }
}
